PODS:
  - CalculateCalendarLogic (0.3.0)
  - Charts (3.6.0):
    - Charts/Core (= 3.6.0)
  - Charts/Core (3.6.0)
  - FSCalendar (2.8.1)
  - Realm (5.5.0):
    - Realm/Headers (= 5.5.0)
  - Realm/Headers (5.5.0)
  - RealmSwift (5.5.0):
    - Realm (= 5.5.0)

DEPENDENCIES:
  - CalculateCalendarLogic
  - Charts
  - FSCalendar
  - RealmSwift

SPEC REPOS:
  trunk:
    - CalculateCalendarLogic
    - Charts
    - FSCalendar
    - Realm
    - RealmSwift

SPEC CHECKSUMS:
  CalculateCalendarLogic: cd5b2c706a8628bb924c5ee9d05c4f61bdbaf390
  Charts: b1e3a1f5a1c9ba5394438ca3b91bd8c9076310af
  FSCalendar: 5245140456fcbcac5824c203b98bd8068bdfee1a
  Realm: fb399d76f44042e5cdfc630f33828fdb4d077345
  RealmSwift: 3b7e62356207ef16d34de4e55d475163bd2062bb

PODFILE CHECKSUM: d40882ccb1b9b78782f62262148d48e2fbafa83b

COCOAPODS: 1.9.3
